
Microsoft Visual Studio Solution File, Format Version 12.00
# Visual Studio Version 16
VisualStudioVersion = 16.0.30114.105
MinimumVisualStudioVersion = 10.0.40219.1
Project("{2150E333-8FDC-42A3-9474-1A3956D46DE8}") = "src", "src", "{EB901440-227F-4682-A4F6-254056F7D868}"
EndProject
Project("{FAE04EC0-301F-11D3-BF4B-00C04F79EFBC}") = "ML-Trackingstore.Core", "src\ML-Trackingstore.Core\ML-Trackingstore.Core.csproj", "{195788B6-C553-463D-A1D1-A7F29AE034BA}"
EndProject
Project("{2150E333-8FDC-42A3-9474-1A3956D46DE8}") = "tests", "tests", "{488E1A9E-2611-4DE0-B900-EA4986F5BD4B}"
EndProject
Project("{FAE04EC0-301F-11D3-BF4B-00C04F79EFBC}") = "UnitTests", "tests\UnitTests\UnitTests.csproj", "{73893756-345E-4CB9-8734-5601AE261CEF}"
EndProject
Project("{FAE04EC0-301F-11D3-BF4B-00C04F79EFBC}") = "IntegrationTests", "tests\IntegrationTests\IntegrationTests.csproj", "{DEAA9385-BF23-4527-9AE2-C7D3B446C3A5}"
EndProject
Project("{FAE04EC0-301F-11D3-BF4B-00C04F79EFBC}") = "ML-Trackingstore", "src\ML-Trackingstore\ML-Trackingstore.csproj", "{3F81F802-EA9E-4DDE-A452-7FC9BDCC8556}"
EndProject
Project("{FAE04EC0-301F-11D3-BF4B-00C04F79EFBC}") = "ML-Trackingstore.Samples", "src\ML-Trackingstore.Samples\ML-Trackingstore.Samples.csproj", "{CE2E3D47-CFB7-43D5-BD00-98AD17695E9B}"
EndProject
Global
	GlobalSection(SolutionConfigurationPlatforms) = preSolution
		Debug|Any CPU = Debug|Any CPU
		Release|Any CPU = Release|Any CPU
	EndGlobalSection
	GlobalSection(SolutionProperties) = preSolution
		HideSolutionNode = FALSE
	EndGlobalSection
	GlobalSection(ProjectConfigurationPlatforms) = postSolution
		{195788B6-C553-463D-A1D1-A7F29AE034BA}.Debug|Any CPU.ActiveCfg = Debug|Any CPU
		{195788B6-C553-463D-A1D1-A7F29AE034BA}.Debug|Any CPU.Build.0 = Debug|Any CPU
		{195788B6-C553-463D-A1D1-A7F29AE034BA}.Release|Any CPU.ActiveCfg = Release|Any CPU
		{195788B6-C553-463D-A1D1-A7F29AE034BA}.Release|Any CPU.Build.0 = Release|Any CPU
		{73893756-345E-4CB9-8734-5601AE261CEF}.Debug|Any CPU.ActiveCfg = Debug|Any CPU
		{73893756-345E-4CB9-8734-5601AE261CEF}.Debug|Any CPU.Build.0 = Debug|Any CPU
		{73893756-345E-4CB9-8734-5601AE261CEF}.Release|Any CPU.ActiveCfg = Release|Any CPU
		{73893756-345E-4CB9-8734-5601AE261CEF}.Release|Any CPU.Build.0 = Release|Any CPU
		{DEAA9385-BF23-4527-9AE2-C7D3B446C3A5}.Debug|Any CPU.ActiveCfg = Debug|Any CPU
		{DEAA9385-BF23-4527-9AE2-C7D3B446C3A5}.Debug|Any CPU.Build.0 = Debug|Any CPU
		{DEAA9385-BF23-4527-9AE2-C7D3B446C3A5}.Release|Any CPU.ActiveCfg = Release|Any CPU
		{DEAA9385-BF23-4527-9AE2-C7D3B446C3A5}.Release|Any CPU.Build.0 = Release|Any CPU
		{3F81F802-EA9E-4DDE-A452-7FC9BDCC8556}.Debug|Any CPU.ActiveCfg = Debug|Any CPU
		{3F81F802-EA9E-4DDE-A452-7FC9BDCC8556}.Debug|Any CPU.Build.0 = Debug|Any CPU
		{3F81F802-EA9E-4DDE-A452-7FC9BDCC8556}.Release|Any CPU.ActiveCfg = Release|Any CPU
		{3F81F802-EA9E-4DDE-A452-7FC9BDCC8556}.Release|Any CPU.Build.0 = Release|Any CPU
		{CE2E3D47-CFB7-43D5-BD00-98AD17695E9B}.Debug|Any CPU.ActiveCfg = Debug|Any CPU
		{CE2E3D47-CFB7-43D5-BD00-98AD17695E9B}.Debug|Any CPU.Build.0 = Debug|Any CPU
		{CE2E3D47-CFB7-43D5-BD00-98AD17695E9B}.Release|Any CPU.ActiveCfg = Release|Any CPU
		{CE2E3D47-CFB7-43D5-BD00-98AD17695E9B}.Release|Any CPU.Build.0 = Release|Any CPU
	EndGlobalSection
	GlobalSection(NestedProjects) = preSolution
		{195788B6-C553-463D-A1D1-A7F29AE034BA} = {EB901440-227F-4682-A4F6-254056F7D868}
		{73893756-345E-4CB9-8734-5601AE261CEF} = {488E1A9E-2611-4DE0-B900-EA4986F5BD4B}
		{DEAA9385-BF23-4527-9AE2-C7D3B446C3A5} = {488E1A9E-2611-4DE0-B900-EA4986F5BD4B}
		{3F81F802-EA9E-4DDE-A452-7FC9BDCC8556} = {EB901440-227F-4682-A4F6-254056F7D868}
		{CE2E3D47-CFB7-43D5-BD00-98AD17695E9B} = {EB901440-227F-4682-A4F6-254056F7D868}
	EndGlobalSection
EndGlobal
